// !$*UTF8*$!
{
	archiveVersion = 1;
	classes = {
	};
	objectVersion = 48;
	objects = {

/* Begin PBXBuildFile section */
		58270C6C1FC971CB009214AA /* AppDelegate.swift in Sources */ = {isa = PBXBuildFile; fileRef = 58270C6B1FC971CB009214AA /* AppDelegate.swift */; };
		58270C6E1FC971CB009214AA /* ViewController.swift in Sources */ = {isa = PBXBuildFile; fileRef = 58270C6D1FC971CB009214AA /* ViewController.swift */; };
		58270C711FC971CB009214AA /* Main.storyboard in Resources */ = {isa = PBXBuildFile; fileRef = 58270C6F1FC971CB009214AA /* Main.storyboard */; };
		58270C731FC971CB009214AA /* Assets.xcassets in Resources */ = {isa = PBXBuildFile; fileRef = 58270C721FC971CB009214AA /* Assets.xcassets */; };
		58270C761FC971CB009214AA /* LaunchScreen.storyboard in Resources */ = {isa = PBXBuildFile; fileRef = 58270C741FC971CB009214AA /* LaunchScreen.storyboard */; };
		58270C811FC971CB009214AA /* WebViewTests.swift in Sources */ = {isa = PBXBuildFile; fileRef = 58270C801FC971CB009214AA /* WebViewTests.swift */; };
		58270C8C1FC971CB009214AA /* WebViewUITests.swift in Sources */ = {isa = PBXBuildFile; fileRef = 58270C8B1FC971CB009214AA /* WebViewUITests.swift */; };
/* End PBXBuildFile section */

/* Begin PBXContainerItemProxy section */
		58270C7D1FC971CB009214AA /* PBXContainerItemProxy */ = {
			isa = PBXContainerItemProxy;
			containerPortal = 58270C601FC971CB009214AA /* Project object */;
			proxyType = 1;
			remoteGlobalIDString = 58270C671FC971CB009214AA;
			remoteInfo = WebView;
		};
		58270C881FC971CB009214AA /* PBXContainerItemProxy */ = {
			isa = PBXContainerItemProxy;
			containerPortal = 58270C601FC971CB009214AA /* Project object */;
			proxyType = 1;
			remoteGlobalIDString = 58270C671FC971CB009214AA;
			remoteInfo = WebView;
		};
/* End PBXContainerItemProxy section */

/* Begin PBXFileReference section */
		58270C681FC971CB009214AA /* WebView.app */ = {isa = PBXFileReference; explicitFileType = wrapper.application; includeInIndex = 0; path = WebView.app; sourceTree = BUILT_PRODUCTS_DIR; };
		58270C6B1FC971CB009214AA /* AppDelegate.swift */ = {isa = PBXFileReference; lastKnownFileType = sourcecode.swift; path = AppDelegate.swift; sourceTree = "<group>"; };
		58270C6D1FC971CB009214AA /* ViewController.swift */ = {isa = PBXFileReference; lastKnownFileType = sourcecode.swift; path = ViewController.swift; sourceTree = "<group>"; };
		58270C701FC971CB009214AA /* Base */ = {isa = PBXFileReference; lastKnownFileType = file.storyboard; name = Base; path = Base.lproj/Main.storyboard; sourceTree = "<group>"; };
		58270C721FC971CB009214AA /* Assets.xcassets */ = {isa = PBXFileReference; lastKnownFileType = folder.assetcatalog; path = Assets.xcassets; sourceTree = "<group>"; };
		58270C751FC971CB009214AA /* Base */ = {isa = PBXFileReference; lastKnownFileType = file.storyboard; name = Base; path = Base.lproj/LaunchScreen.storyboard; sourceTree = "<group>"; };
		58270C771FC971CB009214AA /* Info.plist */ = {isa = PBXFileReference; lastKnownFileType = text.plist.xml; path = Info.plist; sourceTree = "<group>"; };
		58270C7C1FC971CB009214AA /* WebViewTests.xctest */ = {isa = PBXFileReference; explicitFileType = wrapper.cfbundle; includeInIndex = 0; path = WebViewTests.xctest; sourceTree = BUILT_PRODUCTS_DIR; };
		58270C801FC971CB009214AA /* WebViewTests.swift */ = {isa = PBXFileReference; lastKnownFileType = sourcecode.swift; path = WebViewTests.swift; sourceTree = "<group>"; };
		58270C821FC971CB009214AA /* Info.plist */ = {isa = PBXFileReference; lastKnownFileType = text.plist.xml; path = Info.plist; sourceTree = "<group>"; };
		58270C871FC971CB009214AA /* WebViewUITests.xctest */ = {isa = PBXFileReference; explicitFileType = wrapper.cfbundle; includeInIndex = 0; path = WebViewUITests.xctest; sourceTree = BUILT_PRODUCTS_DIR; };
		58270C8B1FC971CB009214AA /* WebViewUITests.swift */ = {isa = PBXFileReference; lastKnownFileType = sourcecode.swift; path = WebViewUITests.swift; sourceTree = "<group>"; };
		58270C8D1FC971CB009214AA /* Info.plist */ = {isa = PBXFileReference; lastKnownFileType = text.plist.xml; path = Info.plist; sourceTree = "<group>"; };
/* End PBXFileReference section */

/* Begin PBXFrameworksBuildPhase section */
		58270C651FC971CB009214AA /* Frameworks */ = {
			isa = PBXFrameworksBuildPhase;
			buildActionMask = 2147483647;
			files = (
			);
			runOnlyForDeploymentPostprocessing = 0;
		};
		58270C791FC971CB009214AA /* Frameworks */ = {
			isa = PBXFrameworksBuildPhase;
			buildActionMask = 2147483647;
			files = (
			);
			runOnlyForDeploymentPostprocessing = 0;
		};
		58270C841FC971CB009214AA /* Frameworks */ = {
			isa = PBXFrameworksBuildPhase;
			buildActionMask = 2147483647;
			files = (
			);
			runOnlyForDeploymentPostprocessing = 0;
		};
/* End PBXFrameworksBuildPhase section */

/* Begin PBXGroup section */
		58270C5F1FC971CB009214AA = {
			isa = PBXGroup;
			children = (
				58270C6A1FC971CB009214AA /* WebView */,
				58270C7F1FC971CB009214AA /* WebViewTests */,
				58270C8A1FC971CB009214AA /* WebViewUITests */,
				58270C691FC971CB009214AA /* Products */,
			);
			sourceTree = "<group>";
		};
		58270C691FC971CB009214AA /* Products */ = {
			isa = PBXGroup;
			children = (
				58270C681FC971CB009214AA /* WebView.app */,
				58270C7C1FC971CB009214AA /* WebViewTests.xctest */,
				58270C871FC971CB009214AA /* WebViewUITests.xctest */,
			);
			name = Products;
			sourceTree = "<group>";
		};
		58270C6A1FC971CB009214AA /* WebView */ = {
			isa = PBXGroup;
			children = (
				58270C6B1FC971CB009214AA /* AppDelegate.swift */,
				58270C6D1FC971CB009214AA /* ViewController.swift */,
				58270C6F1FC971CB009214AA /* Main.storyboard */,
				58270C721FC971CB009214AA /* Assets.xcassets */,
				58270C741FC971CB009214AA /* LaunchScreen.storyboard */,
				58270C771FC971CB009214AA /* Info.plist */,
			);
			path = WebView;
			sourceTree = "<group>";
		};
		58270C7F1FC971CB009214AA /* WebViewTests */ = {
			isa = PBXGroup;
			children = (
				58270C801FC971CB009214AA /* WebViewTests.swift */,
				58270C821FC971CB009214AA /* Info.plist */,
			);
			path = WebViewTests;
			sourceTree = "<group>";
		};
		58270C8A1FC971CB009214AA /* WebViewUITests */ = {
			isa = PBXGroup;
			children = (
				58270C8B1FC971CB009214AA /* WebViewUITests.swift */,
				58270C8D1FC971CB009214AA /* Info.plist */,
			);
			path = WebViewUITests;
			sourceTree = "<group>";
		};
/* End PBXGroup section */

/* Begin PBXNativeTarget section */
		58270C671FC971CB009214AA /* WebView */ = {
			isa = PBXNativeTarget;
			buildConfigurationList = 58270C901FC971CB009214AA /* Build configuration list for PBXNativeTarget "WebView" */;
			buildPhases = (
				58270C641FC971CB009214AA /* Sources */,
				58270C651FC971CB009214AA /* Frameworks */,
				58270C661FC971CB009214AA /* Resources */,
			);
			buildRules = (
			);
			dependencies = (
			);
			name = WebView;
			productName = WebView;
			productReference = 58270C681FC971CB009214AA /* WebView.app */;
			productType = "com.apple.product-type.application";
		};
		58270C7B1FC971CB009214AA /* WebViewTests */ = {
			isa = PBXNativeTarget;
			buildConfigurationList = 58270C931FC971CB009214AA /* Build configuration list for PBXNativeTarget "WebViewTests" */;
			buildPhases = (
				58270C781FC971CB009214AA /* Sources */,
				58270C791FC971CB009214AA /* Frameworks */,
				58270C7A1FC971CB009214AA /* Resources */,
			);
			buildRules = (
			);
			dependencies = (
				58270C7E1FC971CB009214AA /* PBXTargetDependency */,
			);
			name = WebViewTests;
			productName = WebViewTests;
			productReference = 58270C7C1FC971CB009214AA /* WebViewTests.xctest */;
			productType = "com.apple.product-type.bundle.unit-test";
		};
		58270C861FC971CB009214AA /* WebViewUITests */ = {
			isa = PBXNativeTarget;
			buildConfigurationList = 58270C961FC971CB009214AA /* Build configuration list for PBXNativeTarget "WebViewUITests" */;
			buildPhases = (
				58270C831FC971CB009214AA /* Sources */,
				58270C841FC971CB009214AA /* Frameworks */,
				58270C851FC971CB009214AA /* Resources */,
			);
			buildRules = (
			);
			dependencies = (
				58270C891FC971CB009214AA /* PBXTargetDependency */,
			);
			name = WebViewUITests;
			productName = WebViewUITests;
			productReference = 58270C871FC971CB009214AA /* WebViewUITests.xctest */;
			productType = "com.apple.product-type.bundle.ui-testing";
		};
/* End PBXNativeTarget section */

/* Begin PBXProject section */
		58270C601FC971CB009214AA /* Project object */ = {
			isa = PBXProject;
			attributes = {
				LastSwiftUpdateCheck = 0910;
				LastUpgradeCheck = 0910;
				ORGANIZATIONNAME = muqorrobin;
				TargetAttributes = {
					58270C671FC971CB009214AA = {
						CreatedOnToolsVersion = 9.1;
						ProvisioningStyle = Automatic;
					};
					58270C7B1FC971CB009214AA = {
						CreatedOnToolsVersion = 9.1;
						ProvisioningStyle = Automatic;
						TestTargetID = 58270C671FC971CB009214AA;
					};
					58270C861FC971CB009214AA = {
						CreatedOnToolsVersion = 9.1;
						ProvisioningStyle = Automatic;
						TestTargetID = 58270C671FC971CB009214AA;
					};
				};
			};
			buildConfigurationList = 58270C631FC971CB009214AA /* Build configuration list for PBXProject "WebView" */;
			compatibilityVersion = "Xcode 8.0";
			developmentRegion = en;
			hasScannedForEncodings = 0;
			knownRegions = (
				en,
				Base,
			);
			mainGroup = 58270C5F1FC971CB009214AA;
			productRefGroup = 58270C691FC971CB009214AA /* Products */;
			projectDirPath = "";
			projectRoot = "";
			targets = (
				58270C671FC971CB009214AA /* WebView */,
				58270C7B1FC971CB009214AA /* WebViewTests */,
				58270C861FC971CB009214AA /* WebViewUITests */,
			);
		};
/* End PBXProject section */

/* Begin PBXResourcesBuildPhase section */
		58270C661FC971CB009214AA /* Resources */ = {
			isa = PBXResourcesBuildPhase;
			buildActionMask = 2147483647;
			files = (
				58270C761FC971CB009214AA /* LaunchScreen.storyboard in Resources */,
				58270C731FC971CB009214AA /* Assets.xcassets in Resources */,
				58270C711FC971CB009214AA /* Main.storyboard in Resources */,
			);
			runOnlyForDeploymentPostprocessing = 0;
		};
		58270C7A1FC971CB009214AA /* Resources */ = {
			isa = PBXResourcesBuildPhase;
			buildActionMask = 2147483647;
			files = (
			);
			runOnlyForDeploymentPostprocessing = 0;
		};
		58270C851FC971CB009214AA /* Resources */ = {
			isa = PBXResourcesBuildPhase;
			buildActionMask = 2147483647;
			files = (
			);
			runOnlyForDeploymentPostprocessing = 0;
		};
/* End PBXResourcesBuildPhase section */

/* Begin PBXSourcesBuildPhase section */
		58270C641FC971CB009214AA /* Sources */ = {
			isa = PBXSourcesBuildPhase;
			buildActionMask = 2147483647;
			files = (
				58270C6E1FC971CB009214AA /* ViewController.swift in Sources */,
				58270C6C1FC971CB009214AA /* AppDelegate.swift in Sources */,
			);
			runOnlyForDeploymentPostprocessing = 0;
		};
		58270C781FC971CB009214AA /* Sources */ = {
			isa = PBXSourcesBuildPhase;
			buildActionMask = 2147483647;
			files = (
				58270C811FC971CB009214AA /* WebViewTests.swift in Sources */,
			);
			runOnlyForDeploymentPostprocessing = 0;
		};
		58270C831FC971CB009214AA /* Sources */ = {
			isa = PBXSourcesBuildPhase;
			buildActionMask = 2147483647;
			files = (
				58270C8C1FC971CB009214AA /* WebViewUITests.swift in Sources */,
			);
			runOnlyForDeploymentPostprocessing = 0;
		};
/* End PBXSourcesBuildPhase section */

/* Begin PBXTargetDependency section */
		58270C7E1FC971CB009214AA /* PBXTargetDependency */ = {
			isa = PBXTargetDependency;
			target = 58270C671FC971CB009214AA /* WebView */;
			targetProxy = 58270C7D1FC971CB009214AA /* PBXContainerItemProxy */;
		};
		58270C891FC971CB009214AA /* PBXTargetDependency */ = {
			isa = PBXTargetDependency;
			target = 58270C671FC971CB009214AA /* WebView */;
			targetProxy = 58270C881FC971CB009214AA /* PBXContainerItemProxy */;
		};
/* End PBXTargetDependency section */

/* Begin PBXVariantGroup section */
		58270C6F1FC971CB009214AA /* Main.storyboard */ = {
			isa = PBXVariantGroup;
			children = (
				58270C701FC971CB009214AA /* Base */,
			);
			name = Main.storyboard;
			sourceTree = "<group>";
		};
		58270C741FC971CB009214AA /* LaunchScreen.storyboard */ = {
			isa = PBXVariantGroup;
			children = (
				58270C751FC971CB009214AA /* Base */,
			);
			name = LaunchScreen.storyboard;
			sourceTree = "<group>";
		};
/* End PBXVariantGroup section */

/* Begin XCBuildConfiguration section */
		58270C8E1FC971CB009214AA /* Debug */ = {
			isa = XCBuildConfiguration;
			buildSettings = {
				ALWAYS_SEARCH_USER_PATHS = NO;
				CLANG_ANALYZER_NONNULL = YES;
				CLANG_ANALYZER_NUMBER_OBJECT_CONVERSION = YES_AGGRESSIVE;
				CLANG_CXX_LANGUAGE_STANDARD = "gnu++14";
				CLANG_CXX_LIBRARY = "libc++";
				CLANG_ENABLE_MODULES = YES;
				CLANG_ENABLE_OBJC_ARC = YES;
				CLANG_WARN_BLOCK_CAPTURE_AUTORELEASING = YES;
				CLANG_WARN_BOOL_CONVERSION = YES;
				CLANG_WARN_COMMA = YES;
				CLANG_WARN_CONSTANT_CONVERSION = YES;
				CLANG_WARN_DIRECT_OBJC_ISA_USAGE = YES_ERROR;
				CLANG_WARN_DOCUMENTATION_COMMENTS = YES;
				CLANG_WARN_EMPTY_BODY = YES;
				CLANG_WARN_ENUM_CONVERSION = YES;
				CLANG_WARN_INFINITE_RECURSION = YES;
				CLANG_WARN_INT_CONVERSION = YES;
				CLANG_WARN_NON_LITERAL_NULL_CONVERSION = YES;
				CLANG_WARN_OBJC_LITERAL_CONVERSION = YES;
				CLANG_WARN_OBJC_ROOT_CLASS = YES_ERROR;
				CLANG_WARN_RANGE_LOOP_ANALYSIS = YES;
				CLANG_WARN_STRICT_PROTOTYPES = YES;
				CLANG_WARN_SUSPICIOUS_MOVE = YES;
				CLANG_WARN_UNGUARDED_AVAILABILITY = YES_AGGRESSIVE;
				CLANG_WARN_UNREACHABLE_CODE = YES;
				CLANG_WARN__DUPLICATE_METHOD_MATCH = YES;
				CODE_SIGN_IDENTITY = "iPhone Developer";
				COPY_PHASE_STRIP = NO;
				DEBUG_INFORMATION_FORMAT = dwarf;
				ENABLE_STRICT_OBJC_MSGSEND = YES;
				ENABLE_TESTABILITY = YES;
				GCC_C_LANGUAGE_STANDARD = gnu11;
				GCC_DYNAMIC_NO_PIC = NO;
				GCC_NO_COMMON_BLOCKS = YES;
				GCC_OPTIMIZATION_LEVEL = 0;
				GCC_PREPROCESSOR_DEFINITIONS = (
					"DEBUG=1",
					"$(inherited)",
				);
				GCC_WARN_64_TO_32_BIT_CONVERSION = YES;
				GCC_WARN_ABOUT_RETURN_TYPE = YES_ERROR;
				GCC_WARN_UNDECLARED_SELECTOR = YES;
				GCC_WARN_UNINITIALIZED_AUTOS = YES_AGGRESSIVE;
				GCC_WARN_UNUSED_FUNCTION = YES;
				GCC_WARN_UNUSED_VARIABLE = YES;
				IPHONEOS_DEPLOYMENT_TARGET = 11.1;
				MTL_ENABLE_DEBUG_INFO = YES;
				ONLY_ACTIVE_ARCH = YES;
				SDKROOT = iphoneos;
				SWIFT_ACTIVE_COMPILATION_CONDITIONS = DEBUG;
				SWIFT_OPTIMIZATION_LEVEL = "-Onone";
			};
			name = Debug;
		};
		58270C8F1FC971CB009214AA /* Release */ = {
			isa = XCBuildConfiguration;
			buildSettings = {
				ALWAYS_SEARCH_USER_PATHS = NO;
				CLANG_ANALYZER_NONNULL = YES;
				CLANG_ANALYZER_NUMBER_OBJECT_CONVERSION = YES_AGGRESSIVE;
				CLANG_CXX_LANGUAGE_STANDARD = "gnu++14";
				CLANG_CXX_LIBRARY = "libc++";
				CLANG_ENABLE_MODULES = YES;
				CLANG_ENABLE_OBJC_ARC = YES;
				CLANG_WARN_BLOCK_CAPTURE_AUTORELEASING = YES;
				CLANG_WARN_BOOL_CONVERSION = YES;
				CLANG_WARN_COMMA = YES;
				CLANG_WARN_CONSTANT_CONVERSION = YES;
				CLANG_WARN_DIRECT_OBJC_ISA_USAGE = YES_ERROR;
				CLANG_WARN_DOCUMENTATION_COMMENTS = YES;
				CLANG_WARN_EMPTY_BODY = YES;
				CLANG_WARN_ENUM_CONVERSION = YES;
				CLANG_WARN_INFINITE_RECURSION = YES;
				CLANG_WARN_INT_CONVERSION = YES;
				CLANG_WARN_NON_LITERAL_NULL_CONVERSION = YES;
				CLANG_WARN_OBJC_LITERAL_CONVERSION = YES;
				CLANG_WARN_OBJC_ROOT_CLASS = YES_ERROR;
				CLANG_WARN_RANGE_LOOP_ANALYSIS = YES;
				CLANG_WARN_STRICT_PROTOTYPES = YES;
				CLANG_WARN_SUSPICIOUS_MOVE = YES;
				CLANG_WARN_UNGUARDED_AVAILABILITY = YES_AGGRESSIVE;
				CLANG_WARN_UNREACHABLE_CODE = YES;
				CLANG_WARN__DUPLICATE_METHOD_MATCH = YES;
				CODE_SIGN_IDENTITY = "iPhone Developer";
				COPY_PHASE_STRIP = NO;
				DEBUG_INFORMATION_FORMAT = "dwarf-with-dsym";
				ENABLE_NS_ASSERTIONS = NO;
				ENABLE_STRICT_OBJC_MSGSEND = YES;
				GCC_C_LANGUAGE_STANDARD = gnu11;
				GCC_NO_COMMON_BLOCKS = YES;
				GCC_WARN_64_TO_32_BIT_CONVERSION = YES;
				GCC_WARN_ABOUT_RETURN_TYPE = YES_ERROR;
				GCC_WARN_UNDECLARED_SELECTOR = YES;
				GCC_WARN_UNINITIALIZED_AUTOS = YES_AGGRESSIVE;
				GCC_WARN_UNUSED_FUNCTION = YES;
				GCC_WARN_UNUSED_VARIABLE = YES;
				IPHONEOS_DEPLOYMENT_TARGET = 11.1;
				MTL_ENABLE_DEBUG_INFO = NO;
				SDKROOT = iphoneos;
				SWIFT_OPTIMIZATION_LEVEL = "-Owholemodule";
				VALIDATE_PRODUCT = YES;
			};
			name = Release;
		};
		58270C911FC971CB009214AA /* Debug */ = {
			isa = XCBuildConfiguration;
			buildSettings = {
				ASSETCATALOG_COMPILER_APPICON_NAME = AppIcon;
				CODE_SIGN_STYLE = Automatic;
				INFOPLIST_FILE = WebView/Info.plist;
				LD_RUNPATH_SEARCH_PATHS = "$(inherited) @executable_path/Frameworks";
				PRODUCT_BUNDLE_IDENTIFIER = ios.ibnu.WebView;
				PRODUCT_NAME = "$(TARGET_NAME)";
				SWIFT_VERSION = 4.0;
				TARGETED_DEVICE_FAMILY = "1,2";
			};
			name = Debug;
		};
		58270C921FC971CB009214AA /* Release */ = {
			isa = XCBuildConfiguration;
			buildSettings = {
				ASSETCATALOG_COMPILER_APPICON_NAME = AppIcon;
				CODE_SIGN_STYLE = Automatic;
				INFOPLIST_FILE = WebView/Info.plist;
				LD_RUNPATH_SEARCH_PATHS = "$(inherited) @executable_path/Frameworks";
				PRODUCT_BUNDLE_IDENTIFIER = ios.ibnu.WebView;
				PRODUCT_NAME = "$(TARGET_NAME)";
				SWIFT_VERSION = 4.0;
				TARGETED_DEVICE_FAMILY = "1,2";
			};
			name = Release;
		};
		58270C941FC971CB009214AA /* Debug */ = {
			isa = XCBuildConfiguration;
			buildSettings = {
				ALWAYS_EMBED_SWIFT_STANDARD_LIBRARIES = YES;
				BUNDLE_LOADER = "$(TEST_HOST)";
				CODE_SIGN_STYLE = Automatic;
				INFOPLIST_FILE = WebViewTests/Info.plist;
				LD_RUNPATH_SEARCH_PATHS = "$(inherited) @executable_path/Frameworks @loader_path/Frameworks";
				PRODUCT_BUNDLE_IDENTIFIER = ios.ibnu.WebViewTests;
				PRODUCT_NAME = "$(TARGET_NAME)";
				SWIFT_VERSION = 4.0;
				TARGETED_DEVICE_FAMILY = "1,2";
				TEST_HOST = "$(BUILT_PRODUCTS_DIR)/WebView.app/WebView";
			};
			name = Debug;
		};
		58270C951FC971CB009214AA /* Release */ = {
			isa = XCBuildConfiguration;
			buildSettings = {
				ALWAYS_EMBED_SWIFT_STANDARD_LIBRARIES = YES;
				BUNDLE_LOADER = "$(TEST_HOST)";
				CODE_SIGN_STYLE = Automatic;
				INFOPLIST_FILE = WebViewTests/Info.plist;
				LD_RUNPATH_SEARCH_PATHS = "$(inherited) @executable_path/Frameworks @loader_path/Frameworks";
				PRODUCT_BUNDLE_IDENTIFIER = ios.ibnu.WebViewTests;
				PRODUCT_NAME = "$(TARGET_NAME)";
				SWIFT_VERSION = 4.0;
				TARGETED_DEVICE_FAMILY = "1,2";
				TEST_HOST = "$(BUILT_PRODUCTS_DIR)/WebView.app/WebView";
			};
			name = Release;
		};
		58270C971FC971CB009214AA /* Debug */ = {
			isa = XCBuildConfiguration;
			buildSettings = {
				ALWAYS_EMBED_SWIFT_STANDARD_LIBRARIES = YES;
				CODE_SIGN_STYLE = Automatic;
				INFOPLIST_FILE = WebViewUITests/Info.plist;
				LD_RUNPATH_SEARCH_PATHS = "$(inherited) @executable_path/Frameworks @loader_path/Frameworks";
				PRODUCT_BUNDLE_IDENTIFIER = ios.ibnu.WebViewUITests;
				PRODUCT_NAME = "$(TARGET_NAME)";
				SWIFT_VERSION = 4.0;
				TARGETED_DEVICE_FAMILY = "1,2";
				TEST_TARGET_NAME = WebView;
			};
			name = Debug;
		};
		58270C981FC971CB009214AA /* Release */ = {
			isa = XCBuildConfiguration;
			buildSettings = {
				ALWAYS_EMBED_SWIFT_STANDARD_LIBRARIES = YES;
				CODE_SIGN_STYLE = Automatic;
				INFOPLIST_FILE = WebViewUITests/Info.plist;
				LD_RUNPATH_SEARCH_PATHS = "$(inherited) @executable_path/Frameworks @loader_path/Frameworks";
				PRODUCT_BUNDLE_IDENTIFIER = ios.ibnu.WebViewUITests;
				PRODUCT_NAME = "$(TARGET_NAME)";
				SWIFT_VERSION = 4.0;
				TARGETED_DEVICE_FAMILY = "1,2";
				TEST_TARGET_NAME = WebView;
			};
			name = Release;
		};
/* End XCBuildConfiguration section */

/* Begin XCConfigurationList section */
		58270C631FC971CB009214AA /* Build configuration list for PBXProject "WebView" */ = {
			isa = XCConfigurationList;
			buildConfigurations = (
				58270C8E1FC971CB009214AA /* Debug */,
				58270C8F1FC971CB009214AA /* Release */,
			);
			defaultConfigurationIsVisible = 0;
			defaultConfigurationName = Release;
		};
		58270C901FC971CB009214AA /* Build configuration list for PBXNativeTarget "WebView" */ = {
			isa = XCConfigurationList;
			buildConfigurations = (
				58270C911FC971CB009214AA /* Debug */,
				58270C921FC971CB009214AA /* Release */,
			);
			defaultConfigurationIsVisible = 0;
			defaultConfigurationName = Release;
		};
		58270C931FC971CB009214AA /* Build configuration list for PBXNativeTarget "WebViewTests" */ = {
			isa = XCConfigurationList;
			buildConfigurations = (
				58270C941FC971CB009214AA /* Debug */,
				58270C951FC971CB009214AA /* Release */,
			);
			defaultConfigurationIsVisible = 0;
			defaultConfigurationName = Release;
		};
		58270C961FC971CB009214AA /* Build configuration list for PBXNativeTarget "WebViewUITests" */ = {
			isa = XCConfigurationList;
			buildConfigurations = (
				58270C971FC971CB009214AA /* Debug */,
				58270C981FC971CB009214AA /* Release */,
			);
			defaultConfigurationIsVisible = 0;
			defaultConfigurationName = Release;
		};
/* End XCConfigurationList section */
	};
	rootObject = 58270C601FC971CB009214AA /* Project object */;
}
